
Microsoft Visual Studio Solution File, Format Version 12.00
# Visual Studio Version 17
VisualStudioVersion = 17.11.35303.130
MinimumVisualStudioVersion = 10.0.40219.1
Project("{FAE04EC0-301F-11D3-BF4B-00C04F79EFBC}") = "BlazorAppIdentityDotNet8", "BlazorAppIdentityDotNet8\BlazorAppIdentityDotNet8\BlazorAppIdentityDotNet8.csproj", "{03E8F041-756B-4AE3-8123-744E73821387}"
EndProject
Project("{FAE04EC0-301F-11D3-BF4B-00C04F79EFBC}") = "BlazorAppIdentityDotNet8.Client", "BlazorAppIdentityDotNet8\BlazorAppIdentityDotNet8.Client\BlazorAppIdentityDotNet8.Client.csproj", "{246C80CE-962F-45A4-872A-3D5C9A7777CA}"
EndProject
Global
	GlobalSection(SolutionConfigurationPlatforms) = preSolution
		Debug|Any CPU = Debug|Any CPU
		Release|Any CPU = Release|Any CPU
	EndGlobalSection
	GlobalSection(ProjectConfigurationPlatforms) = postSolution
		{03E8F041-756B-4AE3-8123-744E73821387}.Debug|Any CPU.ActiveCfg = Debug|Any CPU
		{03E8F041-756B-4AE3-8123-744E73821387}.Debug|Any CPU.Build.0 = Debug|Any CPU
		{03E8F041-756B-4AE3-8123-744E73821387}.Release|Any CPU.ActiveCfg = Release|Any CPU
		{03E8F041-756B-4AE3-8123-744E73821387}.Release|Any CPU.Build.0 = Release|Any CPU
		{246C80CE-962F-45A4-872A-3D5C9A7777CA}.Debug|Any CPU.ActiveCfg = Debug|Any CPU
		{246C80CE-962F-45A4-872A-3D5C9A7777CA}.Debug|Any CPU.Build.0 = Debug|Any CPU
		{246C80CE-962F-45A4-872A-3D5C9A7777CA}.Release|Any CPU.ActiveCfg = Release|Any CPU
		{246C80CE-962F-45A4-872A-3D5C9A7777CA}.Release|Any CPU.Build.0 = Release|Any CPU
	EndGlobalSection
	GlobalSection(SolutionProperties) = preSolution
		HideSolutionNode = FALSE
	EndGlobalSection
	GlobalSection(ExtensibilityGlobals) = postSolution
		SolutionGuid = {1F3F9EDE-72EF-4F5F-8FC1-3E89EFB92DF9}
	EndGlobalSection
EndGlobal
